<Solution>
  <Folder Name="/src/">
    <Project Path="src/PuntersScraper.App/PuntersScraper.App.csproj" />
    <Project Path="src/PuntersScraper.Core/PuntersScraper.Core.csproj" />
    <Project Path="src/PuntersScraper.Shared/PuntersScraper.Shared.csproj" />
  </Folder>
  <Folder Name="/tests/">
    <Project Path="tests/PuntersScraper.Tests/PuntersScraper.Tests.csproj" />
  </Folder>
</Solution>
